// !$*UTF8*$!
{
	archiveVersion = 1;
	classes = {
	};
	objectVersion = 46;
	objects = {

/* Begin PBXBuildFile section */
		4096A7E21C84B45800F39695 /* MelonAnimationKit.h in Headers */ = {isa = PBXBuildFile; fileRef = 4096A7E11C84B45800F39695 /* MelonAnimationKit.h */; settings = {ATTRIBUTES = (Public, ); }; };
		4096A7E91C84B45800F39695 /* MelonAnimationKit.framework in Frameworks */ = {isa = PBXBuildFile; fileRef = 4096A7DE1C84B45800F39695 /* MelonAnimationKit.framework */; };
		4096A7EE1C84B45800F39695 /* MelonAnimationKitTests.swift in Sources */ = {isa = PBXBuildFile; fileRef = 4096A7ED1C84B45800F39695 /* MelonAnimationKitTests.swift */; };
		4096A7FA1C84B5A100F39695 /* MBFIconLayer.swift in Sources */ = {isa = PBXBuildFile; fileRef = 4096A7F91C84B5A100F39695 /* MBFIconLayer.swift */; };
/* End PBXBuildFile section */

/* Begin PBXContainerItemProxy section */
		4096A7EA1C84B45800F39695 /* PBXContainerItemProxy */ = {
			isa = PBXContainerItemProxy;
			containerPortal = 4096A7D51C84B45800F39695 /* Project object */;
			proxyType = 1;
			remoteGlobalIDString = 4096A7DD1C84B45800F39695;
			remoteInfo = MelonAnimationKit;
		};
/* End PBXContainerItemProxy section */

/* Begin PBXFileReference section */
		4096A7DE1C84B45800F39695 /* MelonAnimationKit.framework */ = {isa = PBXFileReference; explicitFileType = wrapper.framework; includeInIndex = 0; path = MelonAnimationKit.framework; sourceTree = BUILT_PRODUCTS_DIR; };
		4096A7E11C84B45800F39695 /* MelonAnimationKit.h */ = {isa = PBXFileReference; lastKnownFileType = sourcecode.c.h; path = MelonAnimationKit.h; sourceTree = "<group>"; };
		4096A7E31C84B45800F39695 /* Info.plist */ = {isa = PBXFileReference; lastKnownFileType = text.plist.xml; path = Info.plist; sourceTree = "<group>"; };
		4096A7E81C84B45800F39695 /* MelonAnimationKitTests.xctest */ = {isa = PBXFileReference; explicitFileType = wrapper.cfbundle; includeInIndex = 0; path = MelonAnimationKitTests.xctest; sourceTree = BUILT_PRODUCTS_DIR; };
		4096A7ED1C84B45800F39695 /* MelonAnimationKitTests.swift */ = {isa = PBXFileReference; lastKnownFileType = sourcecode.swift; path = MelonAnimationKitTests.swift; sourceTree = "<group>"; };
		4096A7EF1C84B45800F39695 /* Info.plist */ = {isa = PBXFileReference; lastKnownFileType = text.plist.xml; path = Info.plist; sourceTree = "<group>"; };
		4096A7F91C84B5A100F39695 /* MBFIconLayer.swift */ = {isa = PBXFileReference; fileEncoding = 4; lastKnownFileType = sourcecode.swift; path = MBFIconLayer.swift; sourceTree = "<group>"; };
/* End PBXFileReference section */

/* Begin PBXFrameworksBuildPhase section */
		4096A7DA1C84B45800F39695 /* Frameworks */ = {
			isa = PBXFrameworksBuildPhase;
			buildActionMask = 2147483647;
			files = (
			);
			runOnlyForDeploymentPostprocessing = 0;
		};
		4096A7E51C84B45800F39695 /* Frameworks */ = {
			isa = PBXFrameworksBuildPhase;
			buildActionMask = 2147483647;
			files = (
				4096A7E91C84B45800F39695 /* MelonAnimationKit.framework in Frameworks */,
			);
			runOnlyForDeploymentPostprocessing = 0;
		};
/* End PBXFrameworksBuildPhase section */

/* Begin PBXGroup section */
		4096A7D41C84B45800F39695 = {
			isa = PBXGroup;
			children = (
				4096A7E01C84B45800F39695 /* MelonAnimationKit */,
				4096A7EC1C84B45800F39695 /* MelonAnimationKitTests */,
				4096A7DF1C84B45800F39695 /* Products */,
			);
			sourceTree = "<group>";
		};
		4096A7DF1C84B45800F39695 /* Products */ = {
			isa = PBXGroup;
			children = (
				4096A7DE1C84B45800F39695 /* MelonAnimationKit.framework */,
				4096A7E81C84B45800F39695 /* MelonAnimationKitTests.xctest */,
			);
			name = Products;
			sourceTree = "<group>";
		};
		4096A7E01C84B45800F39695 /* MelonAnimationKit */ = {
			isa = PBXGroup;
			children = (
				4096A7F81C84B57500F39695 /* Layer */,
				4096A7E11C84B45800F39695 /* MelonAnimationKit.h */,
				4096A7E31C84B45800F39695 /* Info.plist */,
			);
			path = MelonAnimationKit;
			sourceTree = "<group>";
		};
		4096A7EC1C84B45800F39695 /* MelonAnimationKitTests */ = {
			isa = PBXGroup;
			children = (
				4096A7ED1C84B45800F39695 /* MelonAnimationKitTests.swift */,
				4096A7EF1C84B45800F39695 /* Info.plist */,
			);
			path = MelonAnimationKitTests;
			sourceTree = "<group>";
		};
		4096A7F81C84B57500F39695 /* Layer */ = {
			isa = PBXGroup;
			children = (
				4096A7F91C84B5A100F39695 /* MBFIconLayer.swift */,
			);
			name = Layer;
			sourceTree = "<group>";
		};
/* End PBXGroup section */

/* Begin PBXHeadersBuildPhase section */
		4096A7DB1C84B45800F39695 /* Headers */ = {
			isa = PBXHeadersBuildPhase;
			buildActionMask = 2147483647;
			files = (
				4096A7E21C84B45800F39695 /* MelonAnimationKit.h in Headers */,
			);
			runOnlyForDeploymentPostprocessing = 0;
		};
/* End PBXHeadersBuildPhase section */

/* Begin PBXNativeTarget section */
		4096A7DD1C84B45800F39695 /* MelonAnimationKit */ = {
			isa = PBXNativeTarget;
			buildConfigurationList = 4096A7F21C84B45800F39695 /* Build configuration list for PBXNativeTarget "MelonAnimationKit" */;
			buildPhases = (
				4096A7D91C84B45800F39695 /* Sources */,
				4096A7DA1C84B45800F39695 /* Frameworks */,
				4096A7DB1C84B45800F39695 /* Headers */,
				4096A7DC1C84B45800F39695 /* Resources */,
			);
			buildRules = (
			);
			dependencies = (
			);
			name = MelonAnimationKit;
			productName = MelonAnimationKit;
			productReference = 4096A7DE1C84B45800F39695 /* MelonAnimationKit.framework */;
			productType = "com.apple.product-type.framework";
		};
		4096A7E71C84B45800F39695 /* MelonAnimationKitTests */ = {
			isa = PBXNativeTarget;
			buildConfigurationList = 4096A7F51C84B45800F39695 /* Build configuration list for PBXNativeTarget "MelonAnimationKitTests" */;
			buildPhases = (
				4096A7E41C84B45800F39695 /* Sources */,
				4096A7E51C84B45800F39695 /* Frameworks */,
				4096A7E61C84B45800F39695 /* Resources */,
			);
			buildRules = (
			);
			dependencies = (
				4096A7EB1C84B45800F39695 /* PBXTargetDependency */,
			);
			name = MelonAnimationKitTests;
			productName = MelonAnimationKitTests;
			productReference = 4096A7E81C84B45800F39695 /* MelonAnimationKitTests.xctest */;
			productType = "com.apple.product-type.bundle.unit-test";
		};
/* End PBXNativeTarget section */

/* Begin PBXProject section */
		4096A7D51C84B45800F39695 /* Project object */ = {
			isa = PBXProject;
			attributes = {
				LastSwiftUpdateCheck = 0720;
				LastUpgradeCheck = 0720;
				ORGANIZATIONNAME = "Melon-IT";
				TargetAttributes = {
					4096A7DD1C84B45800F39695 = {
						CreatedOnToolsVersion = 7.2.1;
						LastSwiftMigration = 0820;
					};
					4096A7E71C84B45800F39695 = {
						CreatedOnToolsVersion = 7.2.1;
						LastSwiftMigration = 0820;
					};
				};
			};
			buildConfigurationList = 4096A7D81C84B45800F39695 /* Build configuration list for PBXProject "MelonAnimationKit" */;
			compatibilityVersion = "Xcode 3.2";
			developmentRegion = English;
			hasScannedForEncodings = 0;
			knownRegions = (
				en,
			);
			mainGroup = 4096A7D41C84B45800F39695;
			productRefGroup = 4096A7DF1C84B45800F39695 /* Products */;
			projectDirPath = "";
			projectRoot = "";
			targets = (
				4096A7DD1C84B45800F39695 /* MelonAnimationKit */,
				4096A7E71C84B45800F39695 /* MelonAnimationKitTests */,
			);
		};
/* End PBXProject section */

/* Begin PBXResourcesBuildPhase section */
		4096A7DC1C84B45800F39695 /* Resources */ = {
			isa = PBXResourcesBuildPhase;
			buildActionMask = 2147483647;
			files = (
			);
			runOnlyForDeploymentPostprocessing = 0;
		};
		4096A7E61C84B45800F39695 /* Resources */ = {
			isa = PBXResourcesBuildPhase;
			buildActionMask = 2147483647;
			files = (
			);
			runOnlyForDeploymentPostprocessing = 0;
		};
/* End PBXResourcesBuildPhase section */

/* Begin PBXSourcesBuildPhase section */
		4096A7D91C84B45800F39695 /* Sources */ = {
			isa = PBXSourcesBuildPhase;
			buildActionMask = 2147483647;
			files = (
				4096A7FA1C84B5A100F39695 /* MBFIconLayer.swift in Sources */,
			);
			runOnlyForDeploymentPostprocessing = 0;
		};
		4096A7E41C84B45800F39695 /* Sources */ = {
			isa = PBXSourcesBuildPhase;
			buildActionMask = 2147483647;
			files = (
				4096A7EE1C84B45800F39695 /* MelonAnimationKitTests.swift in Sources */,
			);
			runOnlyForDeploymentPostprocessing = 0;
		};
/* End PBXSourcesBuildPhase section */

/* Begin PBXTargetDependency section */
		4096A7EB1C84B45800F39695 /* PBXTargetDependency */ = {
			isa = PBXTargetDependency;
			target = 4096A7DD1C84B45800F39695 /* MelonAnimationKit */;
			targetProxy = 4096A7EA1C84B45800F39695 /* PBXContainerItemProxy */;
		};
/* End PBXTargetDependency section */

/* Begin XCBuildConfiguration section */
		4096A7F01C84B45800F39695 /* Debug */ = {
			isa = XCBuildConfiguration;
			buildSettings = {
				ALWAYS_SEARCH_USER_PATHS = NO;
				CLANG_CXX_LANGUAGE_STANDARD = "gnu++0x";
				CLANG_CXX_LIBRARY = "libc++";
				CLANG_ENABLE_MODULES = YES;
				CLANG_ENABLE_OBJC_ARC = YES;
				CLANG_WARN_BOOL_CONVERSION = YES;
				CLANG_WARN_CONSTANT_CONVERSION = YES;
				CLANG_WARN_DIRECT_OBJC_ISA_USAGE = YES_ERROR;
				CLANG_WARN_EMPTY_BODY = YES;
				CLANG_WARN_ENUM_CONVERSION = YES;
				CLANG_WARN_INT_CONVERSION = YES;
				CLANG_WARN_OBJC_ROOT_CLASS = YES_ERROR;
				CLANG_WARN_UNREACHABLE_CODE = YES;
				CLANG_WARN__DUPLICATE_METHOD_MATCH = YES;
				"CODE_SIGN_IDENTITY[sdk=iphoneos*]" = "iPhone Developer";
				COPY_PHASE_STRIP = NO;
				CURRENT_PROJECT_VERSION = 1;
				DEBUG_INFORMATION_FORMAT = dwarf;
				ENABLE_STRICT_OBJC_MSGSEND = YES;
				ENABLE_TESTABILITY = YES;
				GCC_C_LANGUAGE_STANDARD = gnu99;
				GCC_DYNAMIC_NO_PIC = NO;
				GCC_NO_COMMON_BLOCKS = YES;
				GCC_OPTIMIZATION_LEVEL = 0;
				GCC_PREPROCESSOR_DEFINITIONS = (
					"DEBUG=1",
					"$(inherited)",
				);
				GCC_WARN_64_TO_32_BIT_CONVERSION = YES;
				GCC_WARN_ABOUT_RETURN_TYPE = YES_ERROR;
				GCC_WARN_UNDECLARED_SELECTOR = YES;
				GCC_WARN_UNINITIALIZED_AUTOS = YES_AGGRESSIVE;
				GCC_WARN_UNUSED_FUNCTION = YES;
				GCC_WARN_UNUSED_VARIABLE = YES;
				IPHONEOS_DEPLOYMENT_TARGET = 9.0;
				MTL_ENABLE_DEBUG_INFO = YES;
				ONLY_ACTIVE_ARCH = YES;
				SDKROOT = iphoneos;
				SWIFT_OPTIMIZATION_LEVEL = "-Onone";
				TARGETED_DEVICE_FAMILY = "1,2";
				VERSIONING_SYSTEM = "apple-generic";
				VERSION_INFO_PREFIX = "";
			};
			name = Debug;
		};
		4096A7F11C84B45800F39695 /* Release */ = {
			isa = XCBuildConfiguration;
			buildSettings = {
				ALWAYS_SEARCH_USER_PATHS = NO;
				CLANG_CXX_LANGUAGE_STANDARD = "gnu++0x";
				CLANG_CXX_LIBRARY = "libc++";
				CLANG_ENABLE_MODULES = YES;
				CLANG_ENABLE_OBJC_ARC = YES;
				CLANG_WARN_BOOL_CONVERSION = YES;
				CLANG_WARN_CONSTANT_CONVERSION = YES;
				CLANG_WARN_DIRECT_OBJC_ISA_USAGE = YES_ERROR;
				CLANG_WARN_EMPTY_BODY = YES;
				CLANG_WARN_ENUM_CONVERSION = YES;
				CLANG_WARN_INT_CONVERSION = YES;
				CLANG_WARN_OBJC_ROOT_CLASS = YES_ERROR;
				CLANG_WARN_UNREACHABLE_CODE = YES;
				CLANG_WARN__DUPLICATE_METHOD_MATCH = YES;
				"CODE_SIGN_IDENTITY[sdk=iphoneos*]" = "iPhone Developer";
				COPY_PHASE_STRIP = NO;
				CURRENT_PROJECT_VERSION = 1;
				DEBUG_INFORMATION_FORMAT = "dwarf-with-dsym";
				ENABLE_NS_ASSERTIONS = NO;
				ENABLE_STRICT_OBJC_MSGSEND = YES;
				GCC_C_LANGUAGE_STANDARD = gnu99;
				GCC_NO_COMMON_BLOCKS = YES;
				GCC_WARN_64_TO_32_BIT_CONVERSION = YES;
				GCC_WARN_ABOUT_RETURN_TYPE = YES_ERROR;
				GCC_WARN_UNDECLARED_SELECTOR = YES;
				GCC_WARN_UNINITIALIZED_AUTOS = YES_AGGRESSIVE;
				GCC_WARN_UNUSED_FUNCTION = YES;
				GCC_WARN_UNUSED_VARIABLE = YES;
				IPHONEOS_DEPLOYMENT_TARGET = 9.0;
				MTL_ENABLE_DEBUG_INFO = NO;
				SDKROOT = iphoneos;
				TARGETED_DEVICE_FAMILY = "1,2";
				VALIDATE_PRODUCT = YES;
				VERSIONING_SYSTEM = "apple-generic";
				VERSION_INFO_PREFIX = "";
			};
			name = Release;
		};
		4096A7F31C84B45800F39695 /* Debug */ = {
			isa = XCBuildConfiguration;
			buildSettings = {
				CLANG_ENABLE_MODULES = YES;
				DEFINES_MODULE = YES;
				DYLIB_COMPATIBILITY_VERSION = 1;
				DYLIB_CURRENT_VERSION = 1;
				DYLIB_INSTALL_NAME_BASE = "@rpath";
				INFOPLIST_FILE = MelonAnimationKit/Info.plist;
				INSTALL_PATH = "$(LOCAL_LIBRARY_DIR)/Frameworks";
				LD_RUNPATH_SEARCH_PATHS = "$(inherited) @executable_path/Frameworks @loader_path/Frameworks";
				PRODUCT_BUNDLE_IDENTIFIER = "com.melon-it.MelonAnimationKit";
				PRODUCT_NAME = "$(TARGET_NAME)";
				SKIP_INSTALL = YES;
				SWIFT_OPTIMIZATION_LEVEL = "-Onone";
				SWIFT_VERSION = 3.0;
			};
			name = Debug;
		};
		4096A7F41C84B45800F39695 /* Release */ = {
			isa = XCBuildConfiguration;
			buildSettings = {
				CLANG_ENABLE_MODULES = YES;
				DEFINES_MODULE = YES;
				DYLIB_COMPATIBILITY_VERSION = 1;
				DYLIB_CURRENT_VERSION = 1;
				DYLIB_INSTALL_NAME_BASE = "@rpath";
				INFOPLIST_FILE = MelonAnimationKit/Info.plist;
				INSTALL_PATH = "$(LOCAL_LIBRARY_DIR)/Frameworks";
				LD_RUNPATH_SEARCH_PATHS = "$(inherited) @executable_path/Frameworks @loader_path/Frameworks";
				PRODUCT_BUNDLE_IDENTIFIER = "com.melon-it.MelonAnimationKit";
				PRODUCT_NAME = "$(TARGET_NAME)";
				SKIP_INSTALL = YES;
				SWIFT_VERSION = 3.0;
			};
			name = Release;
		};
		4096A7F61C84B45800F39695 /* Debug */ = {
			isa = XCBuildConfiguration;
			buildSettings = {
				INFOPLIST_FILE = MelonAnimationKitTests/Info.plist;
				LD_RUNPATH_SEARCH_PATHS = "$(inherited) @executable_path/Frameworks @loader_path/Frameworks";
				PRODUCT_BUNDLE_IDENTIFIER = "com.melon-it.MelonAnimationKitTests";
				PRODUCT_NAME = "$(TARGET_NAME)";
				SWIFT_VERSION = 3.0;
			};
			name = Debug;
		};
		4096A7F71C84B45800F39695 /* Release */ = {
			isa = XCBuildConfiguration;
			buildSettings = {
				INFOPLIST_FILE = MelonAnimationKitTests/Info.plist;
				LD_RUNPATH_SEARCH_PATHS = "$(inherited) @executable_path/Frameworks @loader_path/Frameworks";
				PRODUCT_BUNDLE_IDENTIFIER = "com.melon-it.MelonAnimationKitTests";
				PRODUCT_NAME = "$(TARGET_NAME)";
				SWIFT_VERSION = 3.0;
			};
			name = Release;
		};
/* End XCBuildConfiguration section */

/* Begin XCConfigurationList section */
		4096A7D81C84B45800F39695 /* Build configuration list for PBXProject "MelonAnimationKit" */ = {
			isa = XCConfigurationList;
			buildConfigurations = (
				4096A7F01C84B45800F39695 /* Debug */,
				4096A7F11C84B45800F39695 /* Release */,
			);
			defaultConfigurationIsVisible = 0;
			defaultConfigurationName = Release;
		};
		4096A7F21C84B45800F39695 /* Build configuration list for PBXNativeTarget "MelonAnimationKit" */ = {
			isa = XCConfigurationList;
			buildConfigurations = (
				4096A7F31C84B45800F39695 /* Debug */,
				4096A7F41C84B45800F39695 /* Release */,
			);
			defaultConfigurationIsVisible = 0;
			defaultConfigurationName = Release;
		};
		4096A7F51C84B45800F39695 /* Build configuration list for PBXNativeTarget "MelonAnimationKitTests" */ = {
			isa = XCConfigurationList;
			buildConfigurations = (
				4096A7F61C84B45800F39695 /* Debug */,
				4096A7F71C84B45800F39695 /* Release */,
			);
			defaultConfigurationIsVisible = 0;
			defaultConfigurationName = Release;
		};
/* End XCConfigurationList section */
	};
	rootObject = 4096A7D51C84B45800F39695 /* Project object */;
}
